Microsoft Visual Studio Solution File, Format Version 12.00
# Visual Studio Version 17
VisualStudioVersion = 17.5.2.0
MinimumVisualStudioVersion = 10.0.40219.1
Project("{2150E333-8FDC-42A3-9474-1A3956D46DE8}") = "apps", "apps", "{1787FE1D-075E-9E68-7218-25F1BD1BBEAB}"
EndProject
Project("{2150E333-8FDC-42A3-9474-1A3956D46DE8}") = "packages", "packages", "{809F86A1-1C4C-B159-0CD4-DF9D33D876CE}"
EndProject
Project("{2150E333-8FDC-42A3-9474-1A3956D46DE8}") = "tests", "tests", "{0AB3BF05-4346-4AA6-1389-037BE0695223}"
EndProject
Project("{2150E333-8FDC-42A3-9474-1A3956D46DE8}") = "market-data-aggregator", "market-data-aggregator", "{FE5E044A-9EF7-DC45-7276-FB8EEF08CA18}"
EndProject
Project("{FAE04EC0-301F-11D3-BF4B-00C04F79EFBC}") = "MarketDataAggregator", "apps\market-data-aggregator\MarketDataAggregator\MarketDataAggregator.csproj", "{C4792901-C17B-ED28-5FC8-03163D551E5F}"
EndProject
Project("{2150E333-8FDC-42A3-9474-1A3956D46DE8}") = "api", "api", "{BC2D172B-13BC-136C-CDB1-4B1A687208C4}"
EndProject
Project("{FAE04EC0-301F-11D3-BF4B-00C04F79EFBC}") = "MarketViewer.Api", "apps\api\MarketViewer.Api\MarketViewer.Api.csproj", "{BACE43DF-1ADE-19A3-EF1C-88DC4AD66073}"
EndProject
Project("{2150E333-8FDC-42A3-9474-1A3956D46DE8}") = "backtest-worker", "backtest-worker", "{AD196DF7-F980-5B23-9378-8B218F84A8B9}"
EndProject
Project("{FAE04EC0-301F-11D3-BF4B-00C04F79EFBC}") = "Backtest.Lambda", "apps\backtest-worker\Backtest.Lambda\Backtest.Lambda.csproj", "{1D34D4A5-2870-9F77-8523-BE4620202DE0}"
EndProject
Project("{2150E333-8FDC-42A3-9474-1A3956D46DE8}") = "backtester-api", "backtester-api", "{DDE98DA2-79B7-88B7-E767-E81A4A5411C4}"
EndProject
Project("{FAE04EC0-301F-11D3-BF4B-00C04F79EFBC}") = "Backtester.Api", "apps\backtester-api\Backtester.Api\Backtester.Api.csproj", "{33B3CA8C-4F76-7120-5CF6-73F436FB04A3}"
EndProject
Project("{2150E333-8FDC-42A3-9474-1A3956D46DE8}") = "kesha", "kesha", "{39205708-73E9-CECE-3D89-1382560F5023}"
EndProject
Project("{FAE04EC0-301F-11D3-BF4B-00C04F79EFBC}") = "Kesha", "apps\kesha\Kesha\Kesha.csproj", "{9DE9A4D1-FEE0-57A6-E7AE-84E12CC9BE56}"
EndProject
Project("{2150E333-8FDC-42A3-9474-1A3956D46DE8}") = "management-api", "management-api", "{8244B246-0334-256E-1591-CA8E689FCB69}"
EndProject
Project("{FAE04EC0-301F-11D3-BF4B-00C04F79EFBC}") = "Management", "apps\management-api\Management\Management.csproj", "{B78BE98E-67B8-8541-47B0-512EB889E3AC}"
EndProject
Project("{2150E333-8FDC-42A3-9474-1A3956D46DE8}") = "marketviewer-web", "marketviewer-web", "{0EABCED4-71A9-56E3-3C89-D6ED18422EBA}"
EndProject
Project("{FAE04EC0-301F-11D3-BF4B-00C04F79EFBC}") = "MarketViewer.Web", "apps\marketviewer-web\MarketViewer.Web\MarketViewer.Web.csproj", "{7D198CA3-3189-4082-EC4B-8D57EB3E1ADA}"
EndProject
Project("{2150E333-8FDC-42A3-9474-1A3956D46DE8}") = "paper-bot-runner", "paper-bot-runner", "{76B63079-C519-AF7E-F131-09A9C6337927}"
EndProject
Project("{FAE04EC0-301F-11D3-BF4B-00C04F79EFBC}") = "Optimus", "apps\paper-bot-runner\Optimus\Optimus.csproj", "{30496FBC-79A0-CBE0-A648-1E2CB414C940}"
EndProject
Project("{2150E333-8FDC-42A3-9474-1A3956D46DE8}") = "marketviewer-application", "marketviewer-application", "{19432670-2174-C9E2-9BBC-5B2ED26C9400}"
EndProject
Project("{FAE04EC0-301F-11D3-BF4B-00C04F79EFBC}") = "MarketViewer.Application", "packages\marketviewer-application\MarketViewer.Application\MarketViewer.Application.csproj", "{7D20B49D-701F-9855-3936-0E45CF42B725}"
EndProject
Project("{2150E333-8FDC-42A3-9474-1A3956D46DE8}") = "marketviewer-clients", "marketviewer-clients", "{80BBF4E2-5607-43FF-B4ED-DD08489F1DF8}"
EndProject
Project("{FAE04EC0-301F-11D3-BF4B-00C04F79EFBC}") = "MarketViewer.Clients", "packages\marketviewer-clients\MarketViewer.Clients\MarketViewer.Clients.csproj", "{5D3464F6-5FE4-EB7F-92F0-2F66BDFA3461}"
EndProject
Project("{2150E333-8FDC-42A3-9474-1A3956D46DE8}") = "marketviewer-contracts", "marketviewer-contracts", "{F3541333-080F-0A68-47D2-758AC4A6639E}"
EndProject
Project("{FAE04EC0-301F-11D3-BF4B-00C04F79EFBC}") = "MarketViewer.Contracts", "packages\marketviewer-contracts\MarketViewer.Contracts\MarketViewer.Contracts.csproj", "{14D9EC8A-7BA1-4AD7-F3C8-7DFCA7B3C58B}"
EndProject
Project("{2150E333-8FDC-42A3-9474-1A3956D46DE8}") = "marketviewer-core", "marketviewer-core", "{D87EC3DB-EE0D-7B15-C176-938A4237BE14}"
EndProject
Project("{FAE04EC0-301F-11D3-BF4B-00C04F79EFBC}") = "MarketViewer.Core", "packages\marketviewer-core\MarketViewer.Core\MarketViewer.Core.csproj", "{E74A5301-7988-B25C-DCB9-C0356D4DC428}"
EndProject
Project("{2150E333-8FDC-42A3-9474-1A3956D46DE8}") = "marketviewer-filters", "marketviewer-filters", "{A703080F-C06D-25B1-1B7F-EE04DAA921A7}"
EndProject
Project("{FAE04EC0-301F-11D3-BF4B-00C04F79EFBC}") = "MarketViewer.Filters", "packages\marketviewer-filters\MarketViewer.Filters\MarketViewer.Filters.csproj", "{68239871-91D6-DDFA-E981-B8A549DACB9D}"
EndProject
Project("{2150E333-8FDC-42A3-9474-1A3956D46DE8}") = "marketviewer-infrastructure", "marketviewer-infrastructure", "{8D52CF92-17B6-F361-3EF4-CD26A8A45351}"
EndProject
Project("{FAE04EC0-301F-11D3-BF4B-00C04F79EFBC}") = "MarketViewer.Infrastructure", "packages\marketviewer-infrastructure\MarketViewer.Infrastructure\MarketViewer.Infrastructure.csproj", "{822D9436-D914-DD66-B5B8-5B1A2F627220}"
EndProject
Project("{2150E333-8FDC-42A3-9474-1A3956D46DE8}") = "marketviewer-studies", "marketviewer-studies", "{0DDB875B-ABC5-286D-E0BD-F97F0CCB8BC0}"
EndProject
Project("{FAE04EC0-301F-11D3-BF4B-00C04F79EFBC}") = "MarketViewer.Studies", "packages\marketviewer-studies\MarketViewer.Studies\MarketViewer.Studies.csproj", "{EC32FFE1-C0B2-5396-BF06-E2CE17631296}"
EndProject
Project("{2150E333-8FDC-42A3-9474-1A3956D46DE8}") = "optimus-adapter", "optimus-adapter", "{99964753-3290-549C-8D68-5E012067DB7C}"
EndProject
Project("{FAE04EC0-301F-11D3-BF4B-00C04F79EFBC}") = "Optimus.Adapter", "packages\optimus-adapter\Optimus.Adapter\Optimus.Adapter.csproj", "{79DC1751-62FA-26A7-D3CF-3E7AB83E709E}"
EndProject
Project("{2150E333-8FDC-42A3-9474-1A3956D46DE8}") = "optimus-infrastructure", "optimus-infrastructure", "{8D998AA6-FA42-C002-2678-483AA8C0FB62}"
EndProject
Project("{FAE04EC0-301F-11D3-BF4B-00C04F79EFBC}") = "Optimus.Infrastructure", "packages\optimus-infrastructure\Optimus.Infrastructure\Optimus.Infrastructure.csproj", "{D68BB34D-4086-28B4-DCAD-65E08DC26E23}"
EndProject
Project("{2150E333-8FDC-42A3-9474-1A3956D46DE8}") = "schwab-api", "schwab-api", "{892EE6B9-79DA-FDB9-4DDE-141E2ECA2363}"
EndProject
Project("{FAE04EC0-301F-11D3-BF4B-00C04F79EFBC}") = "SchwabApi", "packages\schwab-api\SchwabApi\SchwabApi.csproj", "{3D04E369-1401-1119-3E1D-112716525AAE}"
EndProject
Project("{2150E333-8FDC-42A3-9474-1A3956D46DE8}") = "market-data-aggregator-unit-tests", "market-data-aggregator-unit-tests", "{E7A21582-E2C1-2985-B062-8DC4E04ECC39}"
EndProject
Project("{FAE04EC0-301F-11D3-BF4B-00C04F79EFBC}") = "MarketDataAggregator.UnitTests", "tests\market-data-aggregator-unit-tests\MarketDataAggregator.UnitTests\MarketDataAggregator.UnitTests.csproj", "{FFCD461A-533C-176F-5F63-1AC9C0A2A2E5}"
EndProject
Project("{2150E333-8FDC-42A3-9474-1A3956D46DE8}") = "backtest-lambda-unit-tests", "backtest-lambda-unit-tests", "{8A1B2D20-5A3A-9FD4-7A78-77205BEF3D4D}"
EndProject
Project("{FAE04EC0-301F-11D3-BF4B-00C04F79EFBC}") = "Backtest.Lambda.UnitTests", "tests\backtest-lambda-unit-tests\Backtest.Lambda.UnitTests\Backtest.Lambda.UnitTests.csproj", "{934A488E-FA3D-5A2C-2AEA-74F83260108C}"
EndProject
Project("{2150E333-8FDC-42A3-9474-1A3956D46DE8}") = "kesha-unit-tests", "kesha-unit-tests", "{8930A10F-DA21-2512-726F-7B1729CBCE35}"
EndProject
Project("{FAE04EC0-301F-11D3-BF4B-00C04F79EFBC}") = "Kesha.UnitTests", "tests\kesha-unit-tests\Kesha.UnitTests\Kesha.UnitTests.csproj", "{A10A9731-8806-970F-29E3-8B68C805D88D}"
EndProject
Project("{2150E333-8FDC-42A3-9474-1A3956D46DE8}") = "marketviewer-api-unit-tests", "marketviewer-api-unit-tests", "{FC660C68-7D8D-A1D3-7826-40D2CC5A540E}"
EndProject
Project("{FAE04EC0-301F-11D3-BF4B-00C04F79EFBC}") = "MarketViewer.Api.UnitTests", "tests\marketviewer-api-unit-tests\MarketViewer.Api.UnitTests\MarketViewer.Api.UnitTests.csproj", "{E48E3B43-D3F6-36BB-31C4-B88B41E3CB79}"
EndProject
Project("{2150E333-8FDC-42A3-9474-1A3956D46DE8}") = "marketviewer-application-unit-tests", "marketviewer-application-unit-tests", "{1410F434-A352-05DA-D860-A93FE41D9FCC}"
EndProject
Project("{FAE04EC0-301F-11D3-BF4B-00C04F79EFBC}") = "MarketViewer.Application.UnitTests", "tests\marketviewer-application-unit-tests\MarketViewer.Application.UnitTests\MarketViewer.Application.UnitTests.csproj", "{625503E4-7FC3-4073-CC7E-4BF79539B1A5}"
EndProject
Project("{2150E333-8FDC-42A3-9474-1A3956D46DE8}") = "marketviewer-clients-unit-tests", "marketviewer-clients-unit-tests", "{31C7B51A-1AC2-BA21-F6E6-85A7D5307DFC}"
EndProject
Project("{FAE04EC0-301F-11D3-BF4B-00C04F79EFBC}") = "MarketViewer.Clients.UnitTests", "tests\marketviewer-clients-unit-tests\MarketViewer.Clients.UnitTests\MarketViewer.Clients.UnitTests.csproj", "{936A7B1C-F417-00F1-4FEA-3EE6EEF0683D}"
EndProject
Project("{2150E333-8FDC-42A3-9474-1A3956D46DE8}") = "marketviewer-contracts-unit-tests", "marketviewer-contracts-unit-tests", "{5003942B-96BA-80A4-AE9B-5E5C6D157A3A}"
EndProject
Project("{FAE04EC0-301F-11D3-BF4B-00C04F79EFBC}") = "MarketViewer.Contracts.UnitTests", "tests\marketviewer-contracts-unit-tests\MarketViewer.Contracts.UnitTests\MarketViewer.Contracts.UnitTests.csproj", "{637CFB0C-3BE3-1078-0817-91BC007D4DE5}"
EndProject
Project("{2150E333-8FDC-42A3-9474-1A3956D46DE8}") = "marketviewer-core-unit-tests", "marketviewer-core-unit-tests", "{C21F9EE3-BBE8-766F-78CF-73F5F1E172AE}"
EndProject
Project("{FAE04EC0-301F-11D3-BF4B-00C04F79EFBC}") = "MarketViewer.Core.UnitTests", "tests\marketviewer-core-unit-tests\MarketViewer.Core.UnitTests\MarketViewer.Core.UnitTests.csproj", "{CD36971F-7E98-9703-7107-1700D1B88C46}"
EndProject
Project("{2150E333-8FDC-42A3-9474-1A3956D46DE8}") = "marketviewer-filters-unit-tests", "marketviewer-filters-unit-tests", "{ED0163EB-952F-2D79-41E3-2FA4F92D58DD}"
EndProject
Project("{FAE04EC0-301F-11D3-BF4B-00C04F79EFBC}") = "MarketViewer.Filters.UnitTests", "tests\marketviewer-filters-unit-tests\MarketViewer.Filters.UnitTests\MarketViewer.Filters.UnitTests.csproj", "{CAFB94FC-A086-77D8-D00F-6D82083E9CC0}"
EndProject
Project("{2150E333-8FDC-42A3-9474-1A3956D46DE8}") = "marketviewer-infrastructure-unit-tests", "marketviewer-infrastructure-unit-tests", "{5856A961-BFB8-8C7B-34BE-71941BBAF23E}"
EndProject
Project("{FAE04EC0-301F-11D3-BF4B-00C04F79EFBC}") = "MarketViewer.Infrastructure.UnitTests", "tests\marketviewer-infrastructure-unit-tests\MarketViewer.Infrastructure.UnitTests\MarketViewer.Infrastructure.UnitTests.csproj", "{318D64DE-F1BC-D051-E55A-AEFC45DCBBFB}"
EndProject
Project("{2150E333-8FDC-42A3-9474-1A3956D46DE8}") = "marketviewer-integration-tests", "marketviewer-integration-tests", "{124F51AD-2757-6CEA-192D-23311985653B}"
EndProject
Project("{FAE04EC0-301F-11D3-BF4B-00C04F79EFBC}") = "MarketViewer.IntegrationTests", "tests\marketviewer-integration-tests\MarketViewer.IntegrationTests\MarketViewer.IntegrationTests.csproj", "{4D71C037-9D6D-9DD9-EAA7-0522EB58EE89}"
EndProject
Project("{2150E333-8FDC-42A3-9474-1A3956D46DE8}") = "marketviewer-studies-unit-tests", "marketviewer-studies-unit-tests", "{64F28676-D85F-56F9-EDB3-2A8286C7846A}"
EndProject
Project("{FAE04EC0-301F-11D3-BF4B-00C04F79EFBC}") = "MarketViewer.Studies.UnitTests", "tests\marketviewer-studies-unit-tests\MarketViewer.Studies.UnitTests\MarketViewer.Studies.UnitTests.csproj", "{C1A2D4C7-B0AA-57FE-FB4B-BA9D4576DA78}"
EndProject
Project("{2150E333-8FDC-42A3-9474-1A3956D46DE8}") = "optimus-unit-tests", "optimus-unit-tests", "{5D271271-B3D1-0AE8-4D11-5D7CAB6448BC}"
EndProject
Project("{FAE04EC0-301F-11D3-BF4B-00C04F79EFBC}") = "Optimus.UnitTests", "tests\optimus-unit-tests\Optimus.UnitTests\Optimus.UnitTests.csproj", "{FF0502D4-2115-BDB7-3DDB-D8CA8965C514}"
EndProject
Global
	GlobalSection(SolutionConfigurationPlatforms) = preSolution
		Debug|Any CPU = Debug|Any CPU
		Release|Any CPU = Release|Any CPU
	EndGlobalSection
	GlobalSection(ProjectConfigurationPlatforms) = postSolution
		{C4792901-C17B-ED28-5FC8-03163D551E5F}.Debug|Any CPU.ActiveCfg = Debug|Any CPU
		{C4792901-C17B-ED28-5FC8-03163D551E5F}.Debug|Any CPU.Build.0 = Debug|Any CPU
		{C4792901-C17B-ED28-5FC8-03163D551E5F}.Release|Any CPU.ActiveCfg = Release|Any CPU
		{C4792901-C17B-ED28-5FC8-03163D551E5F}.Release|Any CPU.Build.0 = Release|Any CPU
		{BACE43DF-1ADE-19A3-EF1C-88DC4AD66073}.Debug|Any CPU.ActiveCfg = Debug|Any CPU
		{BACE43DF-1ADE-19A3-EF1C-88DC4AD66073}.Debug|Any CPU.Build.0 = Debug|Any CPU
		{BACE43DF-1ADE-19A3-EF1C-88DC4AD66073}.Release|Any CPU.ActiveCfg = Release|Any CPU
		{BACE43DF-1ADE-19A3-EF1C-88DC4AD66073}.Release|Any CPU.Build.0 = Release|Any CPU
		{1D34D4A5-2870-9F77-8523-BE4620202DE0}.Debug|Any CPU.ActiveCfg = Debug|Any CPU
		{1D34D4A5-2870-9F77-8523-BE4620202DE0}.Debug|Any CPU.Build.0 = Debug|Any CPU
		{1D34D4A5-2870-9F77-8523-BE4620202DE0}.Release|Any CPU.ActiveCfg = Release|Any CPU
		{1D34D4A5-2870-9F77-8523-BE4620202DE0}.Release|Any CPU.Build.0 = Release|Any CPU
		{33B3CA8C-4F76-7120-5CF6-73F436FB04A3}.Debug|Any CPU.ActiveCfg = Debug|Any CPU
		{33B3CA8C-4F76-7120-5CF6-73F436FB04A3}.Debug|Any CPU.Build.0 = Debug|Any CPU
		{33B3CA8C-4F76-7120-5CF6-73F436FB04A3}.Release|Any CPU.ActiveCfg = Release|Any CPU
		{33B3CA8C-4F76-7120-5CF6-73F436FB04A3}.Release|Any CPU.Build.0 = Release|Any CPU
		{9DE9A4D1-FEE0-57A6-E7AE-84E12CC9BE56}.Debug|Any CPU.ActiveCfg = Debug|Any CPU
		{9DE9A4D1-FEE0-57A6-E7AE-84E12CC9BE56}.Debug|Any CPU.Build.0 = Debug|Any CPU
		{9DE9A4D1-FEE0-57A6-E7AE-84E12CC9BE56}.Release|Any CPU.ActiveCfg = Release|Any CPU
		{9DE9A4D1-FEE0-57A6-E7AE-84E12CC9BE56}.Release|Any CPU.Build.0 = Release|Any CPU
		{B78BE98E-67B8-8541-47B0-512EB889E3AC}.Debug|Any CPU.ActiveCfg = Debug|Any CPU
		{B78BE98E-67B8-8541-47B0-512EB889E3AC}.Debug|Any CPU.Build.0 = Debug|Any CPU
		{B78BE98E-67B8-8541-47B0-512EB889E3AC}.Release|Any CPU.ActiveCfg = Release|Any CPU
		{B78BE98E-67B8-8541-47B0-512EB889E3AC}.Release|Any CPU.Build.0 = Release|Any CPU
		{7D198CA3-3189-4082-EC4B-8D57EB3E1ADA}.Debug|Any CPU.ActiveCfg = Debug|Any CPU
		{7D198CA3-3189-4082-EC4B-8D57EB3E1ADA}.Debug|Any CPU.Build.0 = Debug|Any CPU
		{7D198CA3-3189-4082-EC4B-8D57EB3E1ADA}.Release|Any CPU.ActiveCfg = Release|Any CPU
		{7D198CA3-3189-4082-EC4B-8D57EB3E1ADA}.Release|Any CPU.Build.0 = Release|Any CPU
		{30496FBC-79A0-CBE0-A648-1E2CB414C940}.Debug|Any CPU.ActiveCfg = Debug|Any CPU
		{30496FBC-79A0-CBE0-A648-1E2CB414C940}.Debug|Any CPU.Build.0 = Debug|Any CPU
		{30496FBC-79A0-CBE0-A648-1E2CB414C940}.Release|Any CPU.ActiveCfg = Release|Any CPU
		{30496FBC-79A0-CBE0-A648-1E2CB414C940}.Release|Any CPU.Build.0 = Release|Any CPU
		{7D20B49D-701F-9855-3936-0E45CF42B725}.Debug|Any CPU.ActiveCfg = Debug|Any CPU
		{7D20B49D-701F-9855-3936-0E45CF42B725}.Debug|Any CPU.Build.0 = Debug|Any CPU
		{7D20B49D-701F-9855-3936-0E45CF42B725}.Release|Any CPU.ActiveCfg = Release|Any CPU
		{7D20B49D-701F-9855-3936-0E45CF42B725}.Release|Any CPU.Build.0 = Release|Any CPU
		{5D3464F6-5FE4-EB7F-92F0-2F66BDFA3461}.Debug|Any CPU.ActiveCfg = Debug|Any CPU
		{5D3464F6-5FE4-EB7F-92F0-2F66BDFA3461}.Debug|Any CPU.Build.0 = Debug|Any CPU
		{5D3464F6-5FE4-EB7F-92F0-2F66BDFA3461}.Release|Any CPU.ActiveCfg = Release|Any CPU
		{5D3464F6-5FE4-EB7F-92F0-2F66BDFA3461}.Release|Any CPU.Build.0 = Release|Any CPU
		{14D9EC8A-7BA1-4AD7-F3C8-7DFCA7B3C58B}.Debug|Any CPU.ActiveCfg = Debug|Any CPU
		{14D9EC8A-7BA1-4AD7-F3C8-7DFCA7B3C58B}.Debug|Any CPU.Build.0 = Debug|Any CPU
		{14D9EC8A-7BA1-4AD7-F3C8-7DFCA7B3C58B}.Release|Any CPU.ActiveCfg = Release|Any CPU
		{14D9EC8A-7BA1-4AD7-F3C8-7DFCA7B3C58B}.Release|Any CPU.Build.0 = Release|Any CPU
		{E74A5301-7988-B25C-DCB9-C0356D4DC428}.Debug|Any CPU.ActiveCfg = Debug|Any CPU
		{E74A5301-7988-B25C-DCB9-C0356D4DC428}.Debug|Any CPU.Build.0 = Debug|Any CPU
		{E74A5301-7988-B25C-DCB9-C0356D4DC428}.Release|Any CPU.ActiveCfg = Release|Any CPU
		{E74A5301-7988-B25C-DCB9-C0356D4DC428}.Release|Any CPU.Build.0 = Release|Any CPU
		{68239871-91D6-DDFA-E981-B8A549DACB9D}.Debug|Any CPU.ActiveCfg = Debug|Any CPU
		{68239871-91D6-DDFA-E981-B8A549DACB9D}.Debug|Any CPU.Build.0 = Debug|Any CPU
		{68239871-91D6-DDFA-E981-B8A549DACB9D}.Release|Any CPU.ActiveCfg = Release|Any CPU
		{68239871-91D6-DDFA-E981-B8A549DACB9D}.Release|Any CPU.Build.0 = Release|Any CPU
		{822D9436-D914-DD66-B5B8-5B1A2F627220}.Debug|Any CPU.ActiveCfg = Debug|Any CPU
		{822D9436-D914-DD66-B5B8-5B1A2F627220}.Debug|Any CPU.Build.0 = Debug|Any CPU
		{822D9436-D914-DD66-B5B8-5B1A2F627220}.Release|Any CPU.ActiveCfg = Release|Any CPU
		{822D9436-D914-DD66-B5B8-5B1A2F627220}.Release|Any CPU.Build.0 = Release|Any CPU
		{EC32FFE1-C0B2-5396-BF06-E2CE17631296}.Debug|Any CPU.ActiveCfg = Debug|Any CPU
		{EC32FFE1-C0B2-5396-BF06-E2CE17631296}.Debug|Any CPU.Build.0 = Debug|Any CPU
		{EC32FFE1-C0B2-5396-BF06-E2CE17631296}.Release|Any CPU.ActiveCfg = Release|Any CPU
		{EC32FFE1-C0B2-5396-BF06-E2CE17631296}.Release|Any CPU.Build.0 = Release|Any CPU
		{79DC1751-62FA-26A7-D3CF-3E7AB83E709E}.Debug|Any CPU.ActiveCfg = Debug|Any CPU
		{79DC1751-62FA-26A7-D3CF-3E7AB83E709E}.Debug|Any CPU.Build.0 = Debug|Any CPU
		{79DC1751-62FA-26A7-D3CF-3E7AB83E709E}.Release|Any CPU.ActiveCfg = Release|Any CPU
		{79DC1751-62FA-26A7-D3CF-3E7AB83E709E}.Release|Any CPU.Build.0 = Release|Any CPU
		{D68BB34D-4086-28B4-DCAD-65E08DC26E23}.Debug|Any CPU.ActiveCfg = Debug|Any CPU
		{D68BB34D-4086-28B4-DCAD-65E08DC26E23}.Debug|Any CPU.Build.0 = Debug|Any CPU
		{D68BB34D-4086-28B4-DCAD-65E08DC26E23}.Release|Any CPU.ActiveCfg = Release|Any CPU
		{D68BB34D-4086-28B4-DCAD-65E08DC26E23}.Release|Any CPU.Build.0 = Release|Any CPU
		{3D04E369-1401-1119-3E1D-112716525AAE}.Debug|Any CPU.ActiveCfg = Debug|Any CPU
		{3D04E369-1401-1119-3E1D-112716525AAE}.Debug|Any CPU.Build.0 = Debug|Any CPU
		{3D04E369-1401-1119-3E1D-112716525AAE}.Release|Any CPU.ActiveCfg = Release|Any CPU
		{3D04E369-1401-1119-3E1D-112716525AAE}.Release|Any CPU.Build.0 = Release|Any CPU
		{FFCD461A-533C-176F-5F63-1AC9C0A2A2E5}.Debug|Any CPU.ActiveCfg = Debug|Any CPU
		{FFCD461A-533C-176F-5F63-1AC9C0A2A2E5}.Debug|Any CPU.Build.0 = Debug|Any CPU
		{FFCD461A-533C-176F-5F63-1AC9C0A2A2E5}.Release|Any CPU.ActiveCfg = Release|Any CPU
		{FFCD461A-533C-176F-5F63-1AC9C0A2A2E5}.Release|Any CPU.Build.0 = Release|Any CPU
		{934A488E-FA3D-5A2C-2AEA-74F83260108C}.Debug|Any CPU.ActiveCfg = Debug|Any CPU
		{934A488E-FA3D-5A2C-2AEA-74F83260108C}.Debug|Any CPU.Build.0 = Debug|Any CPU
		{934A488E-FA3D-5A2C-2AEA-74F83260108C}.Release|Any CPU.ActiveCfg = Release|Any CPU
		{934A488E-FA3D-5A2C-2AEA-74F83260108C}.Release|Any CPU.Build.0 = Release|Any CPU
		{A10A9731-8806-970F-29E3-8B68C805D88D}.Debug|Any CPU.ActiveCfg = Debug|Any CPU
		{A10A9731-8806-970F-29E3-8B68C805D88D}.Debug|Any CPU.Build.0 = Debug|Any CPU
		{A10A9731-8806-970F-29E3-8B68C805D88D}.Release|Any CPU.ActiveCfg = Release|Any CPU
		{A10A9731-8806-970F-29E3-8B68C805D88D}.Release|Any CPU.Build.0 = Release|Any CPU
		{E48E3B43-D3F6-36BB-31C4-B88B41E3CB79}.Debug|Any CPU.ActiveCfg = Debug|Any CPU
		{E48E3B43-D3F6-36BB-31C4-B88B41E3CB79}.Debug|Any CPU.Build.0 = Debug|Any CPU
		{E48E3B43-D3F6-36BB-31C4-B88B41E3CB79}.Release|Any CPU.ActiveCfg = Release|Any CPU
		{E48E3B43-D3F6-36BB-31C4-B88B41E3CB79}.Release|Any CPU.Build.0 = Release|Any CPU
		{625503E4-7FC3-4073-CC7E-4BF79539B1A5}.Debug|Any CPU.ActiveCfg = Debug|Any CPU
		{625503E4-7FC3-4073-CC7E-4BF79539B1A5}.Debug|Any CPU.Build.0 = Debug|Any CPU
		{625503E4-7FC3-4073-CC7E-4BF79539B1A5}.Release|Any CPU.ActiveCfg = Release|Any CPU
		{625503E4-7FC3-4073-CC7E-4BF79539B1A5}.Release|Any CPU.Build.0 = Release|Any CPU
		{936A7B1C-F417-00F1-4FEA-3EE6EEF0683D}.Debug|Any CPU.ActiveCfg = Debug|Any CPU
		{936A7B1C-F417-00F1-4FEA-3EE6EEF0683D}.Debug|Any CPU.Build.0 = Debug|Any CPU
		{936A7B1C-F417-00F1-4FEA-3EE6EEF0683D}.Release|Any CPU.ActiveCfg = Release|Any CPU
		{936A7B1C-F417-00F1-4FEA-3EE6EEF0683D}.Release|Any CPU.Build.0 = Release|Any CPU
		{637CFB0C-3BE3-1078-0817-91BC007D4DE5}.Debug|Any CPU.ActiveCfg = Debug|Any CPU
		{637CFB0C-3BE3-1078-0817-91BC007D4DE5}.Debug|Any CPU.Build.0 = Debug|Any CPU
		{637CFB0C-3BE3-1078-0817-91BC007D4DE5}.Release|Any CPU.ActiveCfg = Release|Any CPU
		{637CFB0C-3BE3-1078-0817-91BC007D4DE5}.Release|Any CPU.Build.0 = Release|Any CPU
		{CD36971F-7E98-9703-7107-1700D1B88C46}.Debug|Any CPU.ActiveCfg = Debug|Any CPU
		{CD36971F-7E98-9703-7107-1700D1B88C46}.Debug|Any CPU.Build.0 = Debug|Any CPU
		{CD36971F-7E98-9703-7107-1700D1B88C46}.Release|Any CPU.ActiveCfg = Release|Any CPU
		{CD36971F-7E98-9703-7107-1700D1B88C46}.Release|Any CPU.Build.0 = Release|Any CPU
		{CAFB94FC-A086-77D8-D00F-6D82083E9CC0}.Debug|Any CPU.ActiveCfg = Debug|Any CPU
		{CAFB94FC-A086-77D8-D00F-6D82083E9CC0}.Debug|Any CPU.Build.0 = Debug|Any CPU
		{CAFB94FC-A086-77D8-D00F-6D82083E9CC0}.Release|Any CPU.ActiveCfg = Release|Any CPU
		{CAFB94FC-A086-77D8-D00F-6D82083E9CC0}.Release|Any CPU.Build.0 = Release|Any CPU
		{318D64DE-F1BC-D051-E55A-AEFC45DCBBFB}.Debug|Any CPU.ActiveCfg = Debug|Any CPU
		{318D64DE-F1BC-D051-E55A-AEFC45DCBBFB}.Debug|Any CPU.Build.0 = Debug|Any CPU
		{318D64DE-F1BC-D051-E55A-AEFC45DCBBFB}.Release|Any CPU.ActiveCfg = Release|Any CPU
		{318D64DE-F1BC-D051-E55A-AEFC45DCBBFB}.Release|Any CPU.Build.0 = Release|Any CPU
		{4D71C037-9D6D-9DD9-EAA7-0522EB58EE89}.Debug|Any CPU.ActiveCfg = Debug|Any CPU
		{4D71C037-9D6D-9DD9-EAA7-0522EB58EE89}.Debug|Any CPU.Build.0 = Debug|Any CPU
		{4D71C037-9D6D-9DD9-EAA7-0522EB58EE89}.Release|Any CPU.ActiveCfg = Release|Any CPU
		{4D71C037-9D6D-9DD9-EAA7-0522EB58EE89}.Release|Any CPU.Build.0 = Release|Any CPU
		{C1A2D4C7-B0AA-57FE-FB4B-BA9D4576DA78}.Debug|Any CPU.ActiveCfg = Debug|Any CPU
		{C1A2D4C7-B0AA-57FE-FB4B-BA9D4576DA78}.Debug|Any CPU.Build.0 = Debug|Any CPU
		{C1A2D4C7-B0AA-57FE-FB4B-BA9D4576DA78}.Release|Any CPU.ActiveCfg = Release|Any CPU
		{C1A2D4C7-B0AA-57FE-FB4B-BA9D4576DA78}.Release|Any CPU.Build.0 = Release|Any CPU
		{FF0502D4-2115-BDB7-3DDB-D8CA8965C514}.Debug|Any CPU.ActiveCfg = Debug|Any CPU
		{FF0502D4-2115-BDB7-3DDB-D8CA8965C514}.Debug|Any CPU.Build.0 = Debug|Any CPU
		{FF0502D4-2115-BDB7-3DDB-D8CA8965C514}.Release|Any CPU.ActiveCfg = Release|Any CPU
		{FF0502D4-2115-BDB7-3DDB-D8CA8965C514}.Release|Any CPU.Build.0 = Release|Any CPU
	EndGlobalSection
	GlobalSection(SolutionProperties) = preSolution
		HideSolutionNode = FALSE
	EndGlobalSection
	GlobalSection(NestedProjects) = preSolution
		{FE5E044A-9EF7-DC45-7276-FB8EEF08CA18} = {1787FE1D-075E-9E68-7218-25F1BD1BBEAB}
		{C4792901-C17B-ED28-5FC8-03163D551E5F} = {FE5E044A-9EF7-DC45-7276-FB8EEF08CA18}
		{BC2D172B-13BC-136C-CDB1-4B1A687208C4} = {1787FE1D-075E-9E68-7218-25F1BD1BBEAB}
		{BACE43DF-1ADE-19A3-EF1C-88DC4AD66073} = {BC2D172B-13BC-136C-CDB1-4B1A687208C4}
		{AD196DF7-F980-5B23-9378-8B218F84A8B9} = {1787FE1D-075E-9E68-7218-25F1BD1BBEAB}
		{1D34D4A5-2870-9F77-8523-BE4620202DE0} = {AD196DF7-F980-5B23-9378-8B218F84A8B9}
		{DDE98DA2-79B7-88B7-E767-E81A4A5411C4} = {1787FE1D-075E-9E68-7218-25F1BD1BBEAB}
		{33B3CA8C-4F76-7120-5CF6-73F436FB04A3} = {DDE98DA2-79B7-88B7-E767-E81A4A5411C4}
		{39205708-73E9-CECE-3D89-1382560F5023} = {1787FE1D-075E-9E68-7218-25F1BD1BBEAB}
		{9DE9A4D1-FEE0-57A6-E7AE-84E12CC9BE56} = {39205708-73E9-CECE-3D89-1382560F5023}
		{8244B246-0334-256E-1591-CA8E689FCB69} = {1787FE1D-075E-9E68-7218-25F1BD1BBEAB}
		{B78BE98E-67B8-8541-47B0-512EB889E3AC} = {8244B246-0334-256E-1591-CA8E689FCB69}
		{0EABCED4-71A9-56E3-3C89-D6ED18422EBA} = {1787FE1D-075E-9E68-7218-25F1BD1BBEAB}
		{7D198CA3-3189-4082-EC4B-8D57EB3E1ADA} = {0EABCED4-71A9-56E3-3C89-D6ED18422EBA}
		{76B63079-C519-AF7E-F131-09A9C6337927} = {1787FE1D-075E-9E68-7218-25F1BD1BBEAB}
		{30496FBC-79A0-CBE0-A648-1E2CB414C940} = {76B63079-C519-AF7E-F131-09A9C6337927}
		{19432670-2174-C9E2-9BBC-5B2ED26C9400} = {809F86A1-1C4C-B159-0CD4-DF9D33D876CE}
		{7D20B49D-701F-9855-3936-0E45CF42B725} = {19432670-2174-C9E2-9BBC-5B2ED26C9400}
		{80BBF4E2-5607-43FF-B4ED-DD08489F1DF8} = {809F86A1-1C4C-B159-0CD4-DF9D33D876CE}
		{5D3464F6-5FE4-EB7F-92F0-2F66BDFA3461} = {80BBF4E2-5607-43FF-B4ED-DD08489F1DF8}
		{F3541333-080F-0A68-47D2-758AC4A6639E} = {809F86A1-1C4C-B159-0CD4-DF9D33D876CE}
		{14D9EC8A-7BA1-4AD7-F3C8-7DFCA7B3C58B} = {F3541333-080F-0A68-47D2-758AC4A6639E}
		{D87EC3DB-EE0D-7B15-C176-938A4237BE14} = {809F86A1-1C4C-B159-0CD4-DF9D33D876CE}
		{E74A5301-7988-B25C-DCB9-C0356D4DC428} = {D87EC3DB-EE0D-7B15-C176-938A4237BE14}
		{A703080F-C06D-25B1-1B7F-EE04DAA921A7} = {809F86A1-1C4C-B159-0CD4-DF9D33D876CE}
		{68239871-91D6-DDFA-E981-B8A549DACB9D} = {A703080F-C06D-25B1-1B7F-EE04DAA921A7}
		{8D52CF92-17B6-F361-3EF4-CD26A8A45351} = {809F86A1-1C4C-B159-0CD4-DF9D33D876CE}
		{822D9436-D914-DD66-B5B8-5B1A2F627220} = {8D52CF92-17B6-F361-3EF4-CD26A8A45351}
		{0DDB875B-ABC5-286D-E0BD-F97F0CCB8BC0} = {809F86A1-1C4C-B159-0CD4-DF9D33D876CE}
		{EC32FFE1-C0B2-5396-BF06-E2CE17631296} = {0DDB875B-ABC5-286D-E0BD-F97F0CCB8BC0}
		{99964753-3290-549C-8D68-5E012067DB7C} = {809F86A1-1C4C-B159-0CD4-DF9D33D876CE}
		{79DC1751-62FA-26A7-D3CF-3E7AB83E709E} = {99964753-3290-549C-8D68-5E012067DB7C}
		{8D998AA6-FA42-C002-2678-483AA8C0FB62} = {809F86A1-1C4C-B159-0CD4-DF9D33D876CE}
		{D68BB34D-4086-28B4-DCAD-65E08DC26E23} = {8D998AA6-FA42-C002-2678-483AA8C0FB62}
		{892EE6B9-79DA-FDB9-4DDE-141E2ECA2363} = {809F86A1-1C4C-B159-0CD4-DF9D33D876CE}
		{3D04E369-1401-1119-3E1D-112716525AAE} = {892EE6B9-79DA-FDB9-4DDE-141E2ECA2363}
		{E7A21582-E2C1-2985-B062-8DC4E04ECC39} = {0AB3BF05-4346-4AA6-1389-037BE0695223}
		{FFCD461A-533C-176F-5F63-1AC9C0A2A2E5} = {E7A21582-E2C1-2985-B062-8DC4E04ECC39}
		{8A1B2D20-5A3A-9FD4-7A78-77205BEF3D4D} = {0AB3BF05-4346-4AA6-1389-037BE0695223}
		{934A488E-FA3D-5A2C-2AEA-74F83260108C} = {8A1B2D20-5A3A-9FD4-7A78-77205BEF3D4D}
		{8930A10F-DA21-2512-726F-7B1729CBCE35} = {0AB3BF05-4346-4AA6-1389-037BE0695223}
		{A10A9731-8806-970F-29E3-8B68C805D88D} = {8930A10F-DA21-2512-726F-7B1729CBCE35}
		{FC660C68-7D8D-A1D3-7826-40D2CC5A540E} = {0AB3BF05-4346-4AA6-1389-037BE0695223}
		{E48E3B43-D3F6-36BB-31C4-B88B41E3CB79} = {FC660C68-7D8D-A1D3-7826-40D2CC5A540E}
		{1410F434-A352-05DA-D860-A93FE41D9FCC} = {0AB3BF05-4346-4AA6-1389-037BE0695223}
		{625503E4-7FC3-4073-CC7E-4BF79539B1A5} = {1410F434-A352-05DA-D860-A93FE41D9FCC}
		{31C7B51A-1AC2-BA21-F6E6-85A7D5307DFC} = {0AB3BF05-4346-4AA6-1389-037BE0695223}
		{936A7B1C-F417-00F1-4FEA-3EE6EEF0683D} = {31C7B51A-1AC2-BA21-F6E6-85A7D5307DFC}
		{5003942B-96BA-80A4-AE9B-5E5C6D157A3A} = {0AB3BF05-4346-4AA6-1389-037BE0695223}
		{637CFB0C-3BE3-1078-0817-91BC007D4DE5} = {5003942B-96BA-80A4-AE9B-5E5C6D157A3A}
		{C21F9EE3-BBE8-766F-78CF-73F5F1E172AE} = {0AB3BF05-4346-4AA6-1389-037BE0695223}
		{CD36971F-7E98-9703-7107-1700D1B88C46} = {C21F9EE3-BBE8-766F-78CF-73F5F1E172AE}
		{ED0163EB-952F-2D79-41E3-2FA4F92D58DD} = {0AB3BF05-4346-4AA6-1389-037BE0695223}
		{CAFB94FC-A086-77D8-D00F-6D82083E9CC0} = {ED0163EB-952F-2D79-41E3-2FA4F92D58DD}
		{5856A961-BFB8-8C7B-34BE-71941BBAF23E} = {0AB3BF05-4346-4AA6-1389-037BE0695223}
		{318D64DE-F1BC-D051-E55A-AEFC45DCBBFB} = {5856A961-BFB8-8C7B-34BE-71941BBAF23E}
		{124F51AD-2757-6CEA-192D-23311985653B} = {0AB3BF05-4346-4AA6-1389-037BE0695223}
		{4D71C037-9D6D-9DD9-EAA7-0522EB58EE89} = {124F51AD-2757-6CEA-192D-23311985653B}
		{64F28676-D85F-56F9-EDB3-2A8286C7846A} = {0AB3BF05-4346-4AA6-1389-037BE0695223}
		{C1A2D4C7-B0AA-57FE-FB4B-BA9D4576DA78} = {64F28676-D85F-56F9-EDB3-2A8286C7846A}
		{5D271271-B3D1-0AE8-4D11-5D7CAB6448BC} = {0AB3BF05-4346-4AA6-1389-037BE0695223}
		{FF0502D4-2115-BDB7-3DDB-D8CA8965C514} = {5D271271-B3D1-0AE8-4D11-5D7CAB6448BC}
	EndGlobalSection
	GlobalSection(ExtensibilityGlobals) = postSolution
		SolutionGuid = {C158C4A7-2892-4F23-B2BF-9EE1060ACE66}
	EndGlobalSection
EndGlobal
